
Microsoft Visual Studio Solution File, Format Version 12.00
# Visual Studio Version 17
VisualStudioVersion = 17.0.31903.59
MinimumVisualStudioVersion = 10.0.40219.1
Project("{FAE04EC0-301F-11D3-BF4B-00C04F79EFBC}") = "SimpleHTTPAPI", "src\SimpleHTTPAPI\SimpleHTTPAPI.csproj", "{4B318F52-CED3-46D8-9EE5-07276F056654}"
EndProject
Project("{FAE04EC0-301F-11D3-BF4B-00C04F79EFBC}") = "ASPNETCoreWebAPI", "ASPNETCoreWebAPI\ASPNETCoreWebAPI.csproj", "{A82D5E2E-D3CA-4629-B01F-43B33B8E707C}"
EndProject
Global
	GlobalSection(SolutionConfigurationPlatforms) = preSolution
		Debug|Any CPU = Debug|Any CPU
		Release|Any CPU = Release|Any CPU
	EndGlobalSection
	GlobalSection(SolutionProperties) = preSolution
		HideSolutionNode = FALSE
	EndGlobalSection
	GlobalSection(ProjectConfigurationPlatforms) = postSolution
		{4B318F52-CED3-46D8-9EE5-07276F056654}.Debug|Any CPU.ActiveCfg = Debug|Any CPU
		{4B318F52-CED3-46D8-9EE5-07276F056654}.Debug|Any CPU.Build.0 = Debug|Any CPU
		{4B318F52-CED3-46D8-9EE5-07276F056654}.Release|Any CPU.ActiveCfg = Release|Any CPU
		{4B318F52-CED3-46D8-9EE5-07276F056654}.Release|Any CPU.Build.0 = Release|Any CPU
		{A82D5E2E-D3CA-4629-B01F-43B33B8E707C}.Debug|Any CPU.ActiveCfg = Debug|Any CPU
		{A82D5E2E-D3CA-4629-B01F-43B33B8E707C}.Debug|Any CPU.Build.0 = Debug|Any CPU
		{A82D5E2E-D3CA-4629-B01F-43B33B8E707C}.Release|Any CPU.ActiveCfg = Release|Any CPU
		{A82D5E2E-D3CA-4629-B01F-43B33B8E707C}.Release|Any CPU.Build.0 = Release|Any CPU
	EndGlobalSection
EndGlobal
